{
  "requires": true,
  "lockfileVersion": 1,
  "dependencies": {
    "abbrev": {
      "version": "1.1.1",
      "resolved":
        "https://binrepo.target.com/artifactory/api/npm/npm/abbrev/-/abbrev-1.1.1.tgz",
      "integrity": "sha1-+PLIh60Qv2f2NPAFtph/7TF5qsg="
    },
    "balanced-match": {
      "version": "1.0.0",
      "resolved":
        "https://binrepo.target.com/artifactory/api/npm/npm/balanced-match/-/balanced-match-1.0.0.tgz",
      "integrity": "sha1-ibTRmasr7kneFk6gK4nORi1xt2c="
    },
    "brace-expansion": {
      "version": "1.1.11",
      "resolved":
        "https://binrepo.target.com/artifactory/api/npm/npm/brace-expansion/-/brace-expansion-1.1.11.tgz",
      "integrity": "sha1-PH/L9SnYcibz0vUrlm/1Jx60Qd0=",
      "requires": {
        "balanced-match": "1.0.0",
        "concat-map": "0.0.1"
      }
    },
    "cli": {
      "version": "0.4.4-2",
      "resolved":
        "https://binrepo.target.com/artifactory/api/npm/npm/cli/-/cli-0.4.4-2.tgz",
      "integrity": "sha1-o4yPmR3yLuoBeewW3ZD6PzyF+ko=",
      "requires": {
        "glob": "3.2.1"
      }
    },
    "commander": {
      "version": "2.0.0",
      "resolved":
        "https://binrepo.target.com/artifactory/api/npm/npm/commander/-/commander-2.0.0.tgz",
      "integrity": "sha1-0bhvkB+LZL2UG96tr5JFMDk76Sg="
    },
    "concat-map": {
      "version": "0.0.1",
      "resolved":
        "https://binrepo.target.com/artifactory/api/npm/npm/concat-map/-/concat-map-0.0.1.tgz",
      "integrity": "sha1-2Klr13/Wjfd5OnMDajug1UBdR3s="
    },
    "config-chain": {
      "version": "1.1.11",
      "resolved":
        "https://binrepo.target.com/artifactory/api/npm/npm/config-chain/-/config-chain-1.1.11.tgz",
      "integrity": "sha1-q6CXR9++TD5w52am5BWG4YWfxvI=",
      "requires": {
        "ini": "1.3.5",
        "proto-list": "1.2.4"
      }
    },
    "debug": {
      "version": "3.1.0",
      "resolved":
        "https://binrepo.target.com/artifactory/api/npm/npm/debug/-/debug-3.1.0.tgz",
      "integrity": "sha1-W7WgZyYotkFJVmuhaBnmFRjGcmE=",
      "requires": {
        "ms": "2.0.0"
      }
    },
    "deep-equal": {
      "version": "0.1.2",
      "resolved":
        "https://binrepo.target.com/artifactory/api/npm/npm/deep-equal/-/deep-equal-0.1.2.tgz",
      "integrity": "sha1-skbCuApXCkfBG+HZvRBw7IeLh84="
    },
    "diff": {
      "version": "1.0.7",
      "resolved":
        "https://binrepo.target.com/artifactory/api/npm/npm/diff/-/diff-1.0.7.tgz",
      "integrity": "sha1-JLuwAcSn1VIhaefKvbLCgU7ZHPQ="
    },
    "foreachasync": {
      "version": "3.0.0",
      "resolved":
        "https://binrepo.target.com/artifactory/api/npm/npm/foreachasync/-/foreachasync-3.0.0.tgz",
      "integrity": "sha1-VQKYfchxS+M5IJfzLgBxyd7gfPY="
    },
    "fresh": {
      "version": "0.1.0",
      "resolved":
        "https://binrepo.target.com/artifactory/api/npm/npm/fresh/-/fresh-0.1.0.tgz",
      "integrity": "sha1-A+SwF4Qk5MLV0ZpU2IFM3JeTSFA="
    },
    "glob": {
      "version": "3.2.1",
      "resolved":
        "https://binrepo.target.com/artifactory/api/npm/npm/glob/-/glob-3.2.1.tgz",
      "integrity": "sha1-V69w7HO6IyO/4/KaBndl22TF11g=",
      "requires": {
        "graceful-fs": "1.2.3",
        "inherits": "1.0.2",
        "minimatch": "0.2.14"
      },
      "dependencies": {
        "minimatch": {
          "version": "0.2.14",
          "resolved":
            "https://binrepo.target.com/artifactory/api/npm/npm/minimatch/-/minimatch-0.2.14.tgz",
          "integrity": "sha1-x054BXT2PG+aCQ6Q775u9TpqdWo=",
          "requires": {
            "lru-cache": "2.7.3",
            "sigmund": "1.0.1"
          }
        }
      }
    },
    "graceful-fs": {
      "version": "1.2.3",
      "resolved":
        "https://binrepo.target.com/artifactory/api/npm/npm/graceful-fs/-/graceful-fs-1.2.3.tgz",
      "integrity": "sha1-FaSAaldUfLLS2/J/QuiajDRRs2Q="
    },
    "growl": {
      "version": "1.7.0",
      "resolved":
        "https://binrepo.target.com/artifactory/api/npm/npm/growl/-/growl-1.7.0.tgz",
      "integrity": "sha1-3i1mE20ALhErpw8/EMMc98NQsto="
    },
    "inherits": {
      "version": "1.0.2",
      "resolved":
        "https://binrepo.target.com/artifactory/api/npm/npm/inherits/-/inherits-1.0.2.tgz",
      "integrity": "sha1-ykMJ2t7mtUzAuNJH6NfHoJdb3Js="
    },
    "ini": {
      "version": "1.3.5",
      "resolved":
        "https://binrepo.target.com/artifactory/api/npm/npm/ini/-/ini-1.3.5.tgz",
      "integrity": "sha1-7uJfVtscnsYIXgwid4CD9Zar+Sc="
    },
    "jade": {
      "version": "0.26.3",
      "resolved":
        "https://binrepo.target.com/artifactory/api/npm/npm/jade/-/jade-0.26.3.tgz",
      "integrity": "sha1-jxDXl32NefL2/4YqgbBRPMslaGw=",
      "requires": {
        "commander": "0.6.1",
        "mkdirp": "0.3.0"
      },
      "dependencies": {
        "commander": {
          "version": "0.6.1",
          "resolved":
            "https://binrepo.target.com/artifactory/api/npm/npm/commander/-/commander-0.6.1.tgz",
          "integrity": "sha1-+mihT2qUXVTbvlDYzbMyDp47GgY="
        },
        "mkdirp": {
          "version": "0.3.0",
          "resolved":
            "https://binrepo.target.com/artifactory/api/npm/npm/mkdirp/-/mkdirp-0.3.0.tgz",
          "integrity": "sha1-G79asbqCevI1dRQ0kEJkVfSB/h4="
        }
      }
    },
    "js-beautify": {
      "version": "1.4.2",
      "resolved":
        "https://binrepo.target.com/artifactory/api/npm/npm/js-beautify/-/js-beautify-1.4.2.tgz",
      "integrity": "sha1-iILfRQqejs910ifxzOtajslolrc=",
      "requires": {
        "config-chain": "1.1.11",
        "mkdirp": "0.3.5",
        "nopt": "2.1.2"
      }
    },
    "lru-cache": {
      "version": "2.7.3",
      "resolved":
        "https://binrepo.target.com/artifactory/api/npm/npm/lru-cache/-/lru-cache-2.7.3.tgz",
      "integrity": "sha1-bUUk6LlV+V1PW1iFHOId1y+06VI="
    },
    "mime": {
      "version": "1.2.6",
      "resolved":
        "https://binrepo.target.com/artifactory/api/npm/npm/mime/-/mime-1.2.6.tgz",
      "integrity": "sha1-sfhsdowCX6h7SAdfFwnyiuryA2U="
    },
    "minimatch": {
      "version": "3.0.4",
      "resolved":
        "https://binrepo.target.com/artifactory/api/npm/npm/minimatch/-/minimatch-3.0.4.tgz",
      "integrity": "sha1-UWbihkV/AzBgZL5Ul+jbsMPTIIM=",
      "requires": {
        "brace-expansion": "1.1.11"
      }
    },
    "mkdirp": {
      "version": "0.3.5",
      "resolved":
        "https://binrepo.target.com/artifactory/api/npm/npm/mkdirp/-/mkdirp-0.3.5.tgz",
      "integrity": "sha1-3j5fiWHIjHh+4TaN+EmsRBPsqNc="
    },
    "mocha": {
      "version": "1.17.0",
      "resolved":
        "https://binrepo.target.com/artifactory/api/npm/npm/mocha/-/mocha-1.17.0.tgz",
      "integrity": "sha1-WD0SqfIXdbbTfRBKx9sF1Vf6XVA=",
      "requires": {
        "commander": "2.0.0",
        "debug": "3.1.0",
        "diff": "1.0.7",
        "glob": "3.2.3",
        "growl": "1.7.0",
        "jade": "0.26.3",
        "mkdirp": "0.3.5"
      },
      "dependencies": {
        "glob": {
          "version": "3.2.3",
          "resolved":
            "https://binrepo.target.com/artifactory/api/npm/npm/glob/-/glob-3.2.3.tgz",
          "integrity": "sha1-4xPusknHr/qlxHUoaw4RW1mDlGc=",
          "requires": {
            "graceful-fs": "2.0.3",
            "inherits": "2.0.3",
            "minimatch": "0.2.14"
          }
        },
        "graceful-fs": {
          "version": "2.0.3",
          "resolved":
            "https://binrepo.target.com/artifactory/api/npm/npm/graceful-fs/-/graceful-fs-2.0.3.tgz",
          "integrity": "sha1-fNLNsiiko/Nule+mzBQt59GhNtA="
        },
        "inherits": {
          "version": "2.0.3",
          "resolved":
            "https://binrepo.target.com/artifactory/api/npm/npm/inherits/-/inherits-2.0.3.tgz",
          "integrity": "sha1-Yzwsg+PaQqUC9SRmAiSA9CCCYd4="
        },
        "minimatch": {
          "version": "0.2.14",
          "resolved":
            "https://binrepo.target.com/artifactory/api/npm/npm/minimatch/-/minimatch-0.2.14.tgz",
          "integrity": "sha1-x054BXT2PG+aCQ6Q775u9TpqdWo=",
          "requires": {
            "lru-cache": "2.7.3",
            "sigmund": "1.0.1"
          }
        }
      }
    },
    "ms": {
      "version": "2.0.0",
      "resolved":
        "https://binrepo.target.com/artifactory/api/npm/npm/ms/-/ms-2.0.0.tgz",
      "integrity": "sha1-VgiurfwAvmwpAd9fmGF4jeDVl8g="
    },
    "nopt": {
      "version": "2.1.2",
      "resolved":
        "https://binrepo.target.com/artifactory/api/npm/npm/nopt/-/nopt-2.1.2.tgz",
      "integrity": "sha1-bMzZd7gBMqB3MdbozljCyDA8+a8=",
      "requires": {
        "abbrev": "1.1.1"
      }
    },
    "phpjs": {
      "version": "1.3.2",
      "resolved":
        "https://binrepo.target.com/artifactory/api/npm/npm/phpjs/-/phpjs-1.3.2.tgz",
      "integrity": "sha1-XHusVdHeCegFQgIlkxYb2YA0irs=",
      "requires": {
        "cli": "0.4.4-2",
        "deep-equal": "0.1.2",
        "glob": "3.2.1",
        "js-beautify": "1.4.2",
        "mocha": "1.17.0",
        "send": "0.1.0",
        "underscore": "1.5.2"
      }
    },
    "proto-list": {
      "version": "1.2.4",
      "resolved":
        "https://binrepo.target.com/artifactory/api/npm/npm/proto-list/-/proto-list-1.2.4.tgz",
      "integrity": "sha1-IS1b/hMYMGpCD2QCuOJv85ZHqEk="
    },
    "range-parser": {
      "version": "0.0.4",
      "resolved":
        "https://binrepo.target.com/artifactory/api/npm/npm/range-parser/-/range-parser-0.0.4.tgz",
      "integrity": "sha1-wEJ//vUcEKy6B4KkbJYC50T/Ygs="
    },
    "send": {
      "version": "0.1.0",
      "resolved":
        "https://binrepo.target.com/artifactory/api/npm/npm/send/-/send-0.1.0.tgz",
      "integrity": "sha1-z7COvTzsm3/Bo32f+eh1qXHPRkA=",
      "requires": {
        "debug": "3.1.0",
        "fresh": "0.1.0",
        "mime": "1.2.6",
        "range-parser": "0.0.4"
      }
    },
    "sigmund": {
      "version": "1.0.1",
      "resolved":
        "https://binrepo.target.com/artifactory/api/npm/npm/sigmund/-/sigmund-1.0.1.tgz",
      "integrity": "sha1-P/IfGYytIXX587eBhT/ZTQ0ZtZA="
    },
    "twig": {
      "version": "0.9.5",
      "resolved":
        "https://binrepo.target.com/artifactory/api/npm/npm/twig/-/twig-0.9.5.tgz",
      "integrity": "sha1-VTidPgK46uOQ6yhvZLoTP9rYxbY=",
      "requires": {
        "minimatch": "3.0.4",
        "phpjs": "1.3.2",
        "walk": "2.3.9"
      }
    },
    "underscore": {
      "version": "1.5.2",
      "resolved":
        "https://binrepo.target.com/artifactory/api/npm/npm/underscore/-/underscore-1.5.2.tgz",
      "integrity": "sha1-EzXF5PXm0zu7SwBrqMhqAPVW3gg="
    },
    "walk": {
      "version": "2.3.9",
      "resolved":
        "https://binrepo.target.com/artifactory/api/npm/npm/walk/-/walk-2.3.9.tgz",
      "integrity": "sha1-MbTbZnjyrgHDnqn7hyWpAx5Vins=",
      "requires": {
        "foreachasync": "3.0.0"
      }
    }
  }
}
