{
	"name": "@pattern-lab/edition-twig",
	"version": "5.15.5",
	"lockfileVersion": 1,
	"requires": true,
	"dependencies": {
		"cross-env": {
			"version": "6.0.3",
			"resolved": "https://registry.npmjs.org/cross-env/-/cross-env-6.0.3.tgz",
			"integrity": "sha512-+KqxF6LCvfhWvADcDPqo64yVIB31gv/jQulX2NGzKS/g3GEVz6/pt4wjHFtFWsHMddebWD/sDthJemzM4MaAag==",
			"requires": {
				"cross-spawn": "7.0.1"
			},
			"dependencies": {
				"cross-spawn": {
					"version": "7.0.1",
					"resolved": "https://registry.npmjs.org/cross-spawn/-/cross-spawn-7.0.1.tgz",
					"integrity": "sha512-u7v4o84SwFpD32Z8IIcPZ6z1/ie24O6RU3RbtL5Y316l3KuHVPx9ItBgWQ6VlfAFnRnTtMUrsQ9MUUTuEZjogg==",
					"requires": {
						"path-key": "3.1.0",
						"shebang-command": "2.0.0",
						"which": "2.0.1"
					}
				},
				"isexe": {
					"version": "2.0.0",
					"resolved": "https://registry.npmjs.org/isexe/-/isexe-2.0.0.tgz",
					"integrity": "sha1-6PvzdNxVb/iUehDcsFctYz8s+hA="
				},
				"path-key": {
					"version": "3.1.0",
					"resolved": "https://registry.npmjs.org/path-key/-/path-key-3.1.0.tgz",
					"integrity": "sha512-8cChqz0RP6SHJkMt48FW0A7+qUOn+OsnOsVtzI59tZ8m+5bCSk7hzwET0pulwOM2YMn9J1efb07KB9l9f30SGg=="
				},
				"shebang-command": {
					"version": "2.0.0",
					"resolved": "https://registry.npmjs.org/shebang-command/-/shebang-command-2.0.0.tgz",
					"integrity": "sha512-kHxr2zZpYtdmrN1qDjrrX/Z1rR1kG8Dx+gkpK1G4eXmvXswmcE1hTWBWYUzlraYw1/yZp6YuDY77YtvbN0dmDA==",
					"requires": {
						"shebang-regex": "3.0.0"
					}
				},
				"shebang-regex": {
					"version": "3.0.0",
					"resolved": "https://registry.npmjs.org/shebang-regex/-/shebang-regex-3.0.0.tgz",
					"integrity": "sha512-7++dFhtcx3353uBaq8DDR4NuxBetBzC7ZQOhmTQInHEd6bSrXdiEyzCvG07Z44UYdLShWUyXt5M/yhz8ekcb1A=="
				},
				"which": {
					"version": "2.0.1",
					"resolved": "https://registry.npmjs.org/which/-/which-2.0.1.tgz",
					"integrity": "sha512-N7GBZOTswtB9lkQBZA4+zAXrjEIWAUOB93AvzUiudRzRxhUdLURQ7D/gAIMY1gatT/LTbmbcv8SiYazy3eYB7w==",
					"requires": {
						"isexe": "2.0.0"
					}
				}
			}
		}
	}
}
