{
  "requires": true,
  "lockfileVersion": 1,
  "dependencies": {
    "abbrev": {
      "version": "1.1.1",
      "resolved":
        "https://binrepo.target.com/artifactory/api/npm/npm/abbrev/-/abbrev-1.1.1.tgz",
      "integrity": "sha1-+PLIh60Qv2f2NPAFtph/7TF5qsg="
    },
    "ansi-regex": {
      "version": "2.1.1",
      "resolved":
        "https://binrepo.target.com/artifactory/api/npm/npm/ansi-regex/-/ansi-regex-2.1.1.tgz",
      "integrity": "sha1-w7M6te42DYbg5ijwRorn7yfWVN8="
    },
    "ansi-styles": {
      "version": "2.2.1",
      "resolved":
        "https://binrepo.target.com/artifactory/api/npm/npm/ansi-styles/-/ansi-styles-2.2.1.tgz",
      "integrity": "sha1-tDLdM1i2NM914eRmQ2gkBTPB3b4="
    },
    "asap": {
      "version": "2.0.6",
      "resolved":
        "https://binrepo.target.com/artifactory/api/npm/npm/asap/-/asap-2.0.6.tgz",
      "integrity": "sha1-5QNHYR1+aQlDIIu9r+vLwvuGbUY="
    },
    "babel-code-frame": {
      "version": "6.26.0",
      "resolved":
        "https://binrepo.target.com/artifactory/api/npm/npm/babel-code-frame/-/babel-code-frame-6.26.0.tgz",
      "integrity": "sha1-Y/1D99weO7fONZR9uP42mj9Yx0s=",
      "requires": {
        "chalk": "1.1.3",
        "esutils": "2.0.2",
        "js-tokens": "3.0.2"
      }
    },
    "babel-core": {
      "version": "6.26.0",
      "resolved":
        "https://binrepo.target.com/artifactory/api/npm/npm/babel-core/-/babel-core-6.26.0.tgz",
      "integrity": "sha1-rzL3izGm/O8RnIew/Y2XU/A6C7g=",
      "requires": {
        "babel-code-frame": "6.26.0",
        "babel-generator": "6.26.1",
        "babel-helpers": "6.24.1",
        "babel-messages": "6.23.0",
        "babel-register": "6.26.0",
        "babel-runtime": "6.26.0",
        "babel-template": "6.26.0",
        "babel-traverse": "6.26.0",
        "babel-types": "6.26.0",
        "babylon": "6.18.0",
        "convert-source-map": "1.5.1",
        "debug": "2.6.9",
        "json5": "0.5.1",
        "lodash": "4.17.5",
        "minimatch": "3.0.4",
        "path-is-absolute": "1.0.1",
        "private": "0.1.8",
        "slash": "1.0.0",
        "source-map": "0.5.7"
      }
    },
    "babel-generator": {
      "version": "6.26.1",
      "resolved":
        "https://binrepo.target.com/artifactory/api/npm/npm/babel-generator/-/babel-generator-6.26.1.tgz",
      "integrity": "sha1-GERAjTuPDTWkBOp6wYDwh6YBvZA=",
      "requires": {
        "babel-messages": "6.23.0",
        "babel-runtime": "6.26.0",
        "babel-types": "6.26.0",
        "detect-indent": "4.0.0",
        "jsesc": "1.3.0",
        "lodash": "4.17.5",
        "source-map": "0.5.7",
        "trim-right": "1.0.1"
      }
    },
    "babel-helper-builder-react-jsx": {
      "version": "6.26.0",
      "resolved":
        "https://binrepo.target.com/artifactory/api/npm/npm/babel-helper-builder-react-jsx/-/babel-helper-builder-react-jsx-6.26.0.tgz",
      "integrity": "sha1-Of+DE7dci2Xc7/HzHTg+D/KkCKA=",
      "requires": {
        "babel-runtime": "6.26.0",
        "babel-types": "6.26.0",
        "esutils": "2.0.2"
      }
    },
    "babel-helpers": {
      "version": "6.24.1",
      "resolved":
        "https://binrepo.target.com/artifactory/api/npm/npm/babel-helpers/-/babel-helpers-6.24.1.tgz",
      "integrity": "sha1-NHHenK7DiOXIUOWX5Yom3fN2ArI=",
      "requires": {
        "babel-runtime": "6.26.0",
        "babel-template": "6.26.0"
      }
    },
    "babel-messages": {
      "version": "6.23.0",
      "resolved":
        "https://binrepo.target.com/artifactory/api/npm/npm/babel-messages/-/babel-messages-6.23.0.tgz",
      "integrity": "sha1-8830cDhYA1sqKVHG7F7fbGLyYw4=",
      "requires": {
        "babel-runtime": "6.26.0"
      }
    },
    "babel-plugin-module-alias": {
      "version": "1.6.0",
      "resolved":
        "https://binrepo.target.com/artifactory/api/npm/npm/babel-plugin-module-alias/-/babel-plugin-module-alias-1.6.0.tgz",
      "integrity": "sha1-3346q6NUT0wGqdMxSia7v/bYe2E="
    },
    "babel-plugin-syntax-flow": {
      "version": "6.18.0",
      "resolved":
        "https://binrepo.target.com/artifactory/api/npm/npm/babel-plugin-syntax-flow/-/babel-plugin-syntax-flow-6.18.0.tgz",
      "integrity": "sha1-TDqyCiryaqIM0lmVw5jE63AxDI0="
    },
    "babel-plugin-syntax-jsx": {
      "version": "6.18.0",
      "resolved":
        "https://binrepo.target.com/artifactory/api/npm/npm/babel-plugin-syntax-jsx/-/babel-plugin-syntax-jsx-6.18.0.tgz",
      "integrity": "sha1-CvMqmm4Tyno/1QaeYtew9Y0NiUY="
    },
    "babel-plugin-transform-es2015-modules-amd": {
      "version": "6.24.1",
      "resolved":
        "https://binrepo.target.com/artifactory/api/npm/npm/babel-plugin-transform-es2015-modules-amd/-/babel-plugin-transform-es2015-modules-amd-6.24.1.tgz",
      "integrity": "sha1-Oz5UAXI5hC1tGcMBHEvS8AoA0VQ=",
      "requires": {
        "babel-plugin-transform-es2015-modules-commonjs": "6.26.0",
        "babel-runtime": "6.26.0",
        "babel-template": "6.26.0"
      }
    },
    "babel-plugin-transform-es2015-modules-commonjs": {
      "version": "6.26.0",
      "resolved":
        "https://binrepo.target.com/artifactory/api/npm/npm/babel-plugin-transform-es2015-modules-commonjs/-/babel-plugin-transform-es2015-modules-commonjs-6.26.0.tgz",
      "integrity": "sha1-DYOUApt9xqvhqX7xgeAHWN0uXYo=",
      "requires": {
        "babel-plugin-transform-strict-mode": "6.24.1",
        "babel-runtime": "6.26.0",
        "babel-template": "6.26.0",
        "babel-types": "6.26.0"
      }
    },
    "babel-plugin-transform-es2015-modules-umd": {
      "version": "6.24.1",
      "resolved":
        "https://binrepo.target.com/artifactory/api/npm/npm/babel-plugin-transform-es2015-modules-umd/-/babel-plugin-transform-es2015-modules-umd-6.24.1.tgz",
      "integrity": "sha1-rJl+YoXNGO1hdq22B9YCNErThGg=",
      "requires": {
        "babel-plugin-transform-es2015-modules-amd": "6.24.1",
        "babel-runtime": "6.26.0",
        "babel-template": "6.26.0"
      }
    },
    "babel-plugin-transform-flow-strip-types": {
      "version": "6.22.0",
      "resolved":
        "https://binrepo.target.com/artifactory/api/npm/npm/babel-plugin-transform-flow-strip-types/-/babel-plugin-transform-flow-strip-types-6.22.0.tgz",
      "integrity": "sha1-hMtnKTXUNxT9wyvOhFaNh0Qc988=",
      "requires": {
        "babel-plugin-syntax-flow": "6.18.0",
        "babel-runtime": "6.26.0"
      }
    },
    "babel-plugin-transform-react-display-name": {
      "version": "6.25.0",
      "resolved":
        "https://binrepo.target.com/artifactory/api/npm/npm/babel-plugin-transform-react-display-name/-/babel-plugin-transform-react-display-name-6.25.0.tgz",
      "integrity": "sha1-Z+K/Hx6ck6sI25Z5LgU5K/LMKNE=",
      "requires": {
        "babel-runtime": "6.26.0"
      }
    },
    "babel-plugin-transform-react-jsx": {
      "version": "6.24.1",
      "resolved":
        "https://binrepo.target.com/artifactory/api/npm/npm/babel-plugin-transform-react-jsx/-/babel-plugin-transform-react-jsx-6.24.1.tgz",
      "integrity": "sha1-hAoCjn30YN/DotKfDA2R9jduZqM=",
      "requires": {
        "babel-helper-builder-react-jsx": "6.26.0",
        "babel-plugin-syntax-jsx": "6.18.0",
        "babel-runtime": "6.26.0"
      }
    },
    "babel-plugin-transform-react-jsx-self": {
      "version": "6.22.0",
      "resolved":
        "https://binrepo.target.com/artifactory/api/npm/npm/babel-plugin-transform-react-jsx-self/-/babel-plugin-transform-react-jsx-self-6.22.0.tgz",
      "integrity": "sha1-322AqdomEqEh5t3XVYvL7PBuY24=",
      "requires": {
        "babel-plugin-syntax-jsx": "6.18.0",
        "babel-runtime": "6.26.0"
      }
    },
    "babel-plugin-transform-react-jsx-source": {
      "version": "6.22.0",
      "resolved":
        "https://binrepo.target.com/artifactory/api/npm/npm/babel-plugin-transform-react-jsx-source/-/babel-plugin-transform-react-jsx-source-6.22.0.tgz",
      "integrity": "sha1-ZqwSFT9c0tF7PBkmj0vwGX9E7NY=",
      "requires": {
        "babel-plugin-syntax-jsx": "6.18.0",
        "babel-runtime": "6.26.0"
      }
    },
    "babel-plugin-transform-strict-mode": {
      "version": "6.24.1",
      "resolved":
        "https://binrepo.target.com/artifactory/api/npm/npm/babel-plugin-transform-strict-mode/-/babel-plugin-transform-strict-mode-6.24.1.tgz",
      "integrity": "sha1-1fr3qleKZbvlkc9e2uBKDGcCB1g=",
      "requires": {
        "babel-runtime": "6.26.0",
        "babel-types": "6.26.0"
      }
    },
    "babel-preset-flow": {
      "version": "6.23.0",
      "resolved":
        "https://binrepo.target.com/artifactory/api/npm/npm/babel-preset-flow/-/babel-preset-flow-6.23.0.tgz",
      "integrity": "sha1-5xIYiHCFrpoktb5Baa/7WZgWxJ0=",
      "requires": {
        "babel-plugin-transform-flow-strip-types": "6.22.0"
      }
    },
    "babel-preset-react": {
      "version": "6.24.1",
      "resolved":
        "https://binrepo.target.com/artifactory/api/npm/npm/babel-preset-react/-/babel-preset-react-6.24.1.tgz",
      "integrity": "sha1-umnfrqRfw+xjm2pOzqbhdwLJE4A=",
      "requires": {
        "babel-plugin-syntax-jsx": "6.18.0",
        "babel-plugin-transform-react-display-name": "6.25.0",
        "babel-plugin-transform-react-jsx": "6.24.1",
        "babel-plugin-transform-react-jsx-self": "6.22.0",
        "babel-plugin-transform-react-jsx-source": "6.22.0",
        "babel-preset-flow": "6.23.0"
      }
    },
    "babel-register": {
      "version": "6.26.0",
      "resolved":
        "https://binrepo.target.com/artifactory/api/npm/npm/babel-register/-/babel-register-6.26.0.tgz",
      "integrity": "sha1-btAhFz4vy0htestFxgCahW9kcHE=",
      "requires": {
        "babel-core": "6.26.0",
        "babel-runtime": "6.26.0",
        "core-js": "2.5.3",
        "home-or-tmp": "2.0.0",
        "lodash": "4.17.5",
        "mkdirp": "0.5.1",
        "source-map-support": "0.4.18"
      }
    },
    "babel-runtime": {
      "version": "6.26.0",
      "resolved":
        "https://binrepo.target.com/artifactory/api/npm/npm/babel-runtime/-/babel-runtime-6.26.0.tgz",
      "integrity": "sha1-llxwWGaOgrVde/4E/yM3vItWR/4=",
      "requires": {
        "core-js": "2.5.3",
        "regenerator-runtime": "0.11.1"
      }
    },
    "babel-template": {
      "version": "6.26.0",
      "resolved":
        "https://binrepo.target.com/artifactory/api/npm/npm/babel-template/-/babel-template-6.26.0.tgz",
      "integrity": "sha1-3gPi0WOWsGn0bdn/+FIfsaDjXgI=",
      "requires": {
        "babel-runtime": "6.26.0",
        "babel-traverse": "6.26.0",
        "babel-types": "6.26.0",
        "babylon": "6.18.0",
        "lodash": "4.17.5"
      }
    },
    "babel-traverse": {
      "version": "6.26.0",
      "resolved":
        "https://binrepo.target.com/artifactory/api/npm/npm/babel-traverse/-/babel-traverse-6.26.0.tgz",
      "integrity": "sha1-RqnL1+3MYsjlwGTi0tjQ9ANXZu4=",
      "requires": {
        "babel-code-frame": "6.26.0",
        "babel-messages": "6.23.0",
        "babel-runtime": "6.26.0",
        "babel-types": "6.26.0",
        "babylon": "6.18.0",
        "debug": "2.6.9",
        "globals": "9.18.0",
        "invariant": "2.2.3",
        "lodash": "4.17.5"
      }
    },
    "babel-types": {
      "version": "6.26.0",
      "resolved":
        "https://binrepo.target.com/artifactory/api/npm/npm/babel-types/-/babel-types-6.26.0.tgz",
      "integrity": "sha1-o7Bz+Uq0nrb6Vc1lInozQ4BjJJc=",
      "requires": {
        "babel-runtime": "6.26.0",
        "esutils": "2.0.2",
        "lodash": "4.17.5",
        "to-fast-properties": "1.0.3"
      }
    },
    "babylon": {
      "version": "6.18.0",
      "resolved":
        "https://binrepo.target.com/artifactory/api/npm/npm/babylon/-/babylon-6.18.0.tgz",
      "integrity": "sha1-ry87iPpvXB5MY00aD46sT1WzleM="
    },
    "balanced-match": {
      "version": "1.0.0",
      "resolved":
        "https://binrepo.target.com/artifactory/api/npm/npm/balanced-match/-/balanced-match-1.0.0.tgz",
      "integrity": "sha1-ibTRmasr7kneFk6gK4nORi1xt2c="
    },
    "bluebird": {
      "version": "3.5.1",
      "resolved":
        "https://binrepo.target.com/artifactory/api/npm/npm/bluebird/-/bluebird-3.5.1.tgz",
      "integrity": "sha1-2VUfnemPH82h5oPRfukaBgLuLrk="
    },
    "boolbase": {
      "version": "1.0.0",
      "resolved":
        "https://binrepo.target.com/artifactory/api/npm/npm/boolbase/-/boolbase-1.0.0.tgz",
      "integrity": "sha1-aN/1++YMUes3cl6p4+0xDcwed24="
    },
    "brace-expansion": {
      "version": "1.1.11",
      "resolved":
        "https://binrepo.target.com/artifactory/api/npm/npm/brace-expansion/-/brace-expansion-1.1.11.tgz",
      "integrity": "sha1-PH/L9SnYcibz0vUrlm/1Jx60Qd0=",
      "requires": {
        "balanced-match": "1.0.0",
        "concat-map": "0.0.1"
      }
    },
    "chalk": {
      "version": "1.1.3",
      "resolved":
        "https://binrepo.target.com/artifactory/api/npm/npm/chalk/-/chalk-1.1.3.tgz",
      "integrity": "sha1-qBFcVeSnAv5NFQq9OHKCKn4J/Jg=",
      "requires": {
        "ansi-styles": "2.2.1",
        "escape-string-regexp": "1.0.5",
        "has-ansi": "2.0.0",
        "strip-ansi": "3.0.1",
        "supports-color": "2.0.0"
      }
    },
    "cheerio": {
      "version": "0.22.0",
      "resolved":
        "https://binrepo.target.com/artifactory/api/npm/npm/cheerio/-/cheerio-0.22.0.tgz",
      "integrity": "sha1-qbqoYKP5tZWmuBsahocxIe06Jp4=",
      "requires": {
        "css-select": "1.2.0",
        "dom-serializer": "0.1.0",
        "entities": "1.1.1",
        "htmlparser2": "3.9.2",
        "lodash.assignin": "4.2.0",
        "lodash.bind": "4.2.1",
        "lodash.defaults": "4.2.0",
        "lodash.filter": "4.6.0",
        "lodash.flatten": "4.4.0",
        "lodash.foreach": "4.5.0",
        "lodash.map": "4.6.0",
        "lodash.merge": "4.6.1",
        "lodash.pick": "4.4.0",
        "lodash.reduce": "4.6.0",
        "lodash.reject": "4.6.0",
        "lodash.some": "4.6.0"
      }
    },
    "commander": {
      "version": "2.14.1",
      "resolved":
        "https://binrepo.target.com/artifactory/api/npm/npm/commander/-/commander-2.14.1.tgz",
      "integrity": "sha1-IjUSPjevjKPGXfRbAm29NXsBuao="
    },
    "concat-map": {
      "version": "0.0.1",
      "resolved":
        "https://binrepo.target.com/artifactory/api/npm/npm/concat-map/-/concat-map-0.0.1.tgz",
      "integrity": "sha1-2Klr13/Wjfd5OnMDajug1UBdR3s="
    },
    "config-chain": {
      "version": "1.1.11",
      "resolved":
        "https://binrepo.target.com/artifactory/api/npm/npm/config-chain/-/config-chain-1.1.11.tgz",
      "integrity": "sha1-q6CXR9++TD5w52am5BWG4YWfxvI=",
      "requires": {
        "ini": "1.3.5",
        "proto-list": "1.2.4"
      }
    },
    "convert-source-map": {
      "version": "1.5.1",
      "resolved":
        "https://binrepo.target.com/artifactory/api/npm/npm/convert-source-map/-/convert-source-map-1.5.1.tgz",
      "integrity": "sha1-uCeAl7m8IpNl3lxiz1/K7YtVmeU="
    },
    "core-js": {
      "version": "2.5.3",
      "resolved":
        "https://binrepo.target.com/artifactory/api/npm/npm/core-js/-/core-js-2.5.3.tgz",
      "integrity": "sha1-isw4NFgk8W2DZbfJtCWRaOjtYD4="
    },
    "core-util-is": {
      "version": "1.0.2",
      "resolved":
        "https://binrepo.target.com/artifactory/api/npm/npm/core-util-is/-/core-util-is-1.0.2.tgz",
      "integrity": "sha1-tf1UIgqivFq1eqtxQMlAdUUDwac="
    },
    "create-react-class": {
      "version": "15.6.3",
      "resolved":
        "https://binrepo.target.com/artifactory/api/npm/npm/create-react-class/-/create-react-class-15.6.3.tgz",
      "integrity": "sha1-LXMjf7P5cK5uvgEanmb0bbyoADY=",
      "requires": {
        "fbjs": "0.8.16",
        "loose-envify": "1.3.1",
        "object-assign": "4.1.1"
      }
    },
    "css-select": {
      "version": "1.2.0",
      "resolved":
        "https://binrepo.target.com/artifactory/api/npm/npm/css-select/-/css-select-1.2.0.tgz",
      "integrity": "sha1-KzoRBTnFNV8c2NMUYj6HCxIeyFg=",
      "requires": {
        "boolbase": "1.0.0",
        "css-what": "2.1.0",
        "domutils": "1.5.1",
        "nth-check": "1.0.1"
      }
    },
    "css-what": {
      "version": "2.1.0",
      "resolved":
        "https://binrepo.target.com/artifactory/api/npm/npm/css-what/-/css-what-2.1.0.tgz",
      "integrity": "sha1-lGfQMsOM+u+58teVASUwYvh/ob0="
    },
    "debug": {
      "version": "2.6.9",
      "resolved":
        "https://binrepo.target.com/artifactory/api/npm/npm/debug/-/debug-2.6.9.tgz",
      "integrity": "sha1-XRKFFd8TT/Mn6QpMk/Tgd6U2NB8=",
      "requires": {
        "ms": "2.0.0"
      }
    },
    "detect-indent": {
      "version": "4.0.0",
      "resolved":
        "https://binrepo.target.com/artifactory/api/npm/npm/detect-indent/-/detect-indent-4.0.0.tgz",
      "integrity": "sha1-920GQ1LN9Docts5hnE7jqUdd4gg=",
      "requires": {
        "repeating": "2.0.1"
      }
    },
    "dom-serializer": {
      "version": "0.1.0",
      "resolved":
        "https://binrepo.target.com/artifactory/api/npm/npm/dom-serializer/-/dom-serializer-0.1.0.tgz",
      "integrity": "sha1-BzxpdUbOB4DOI75KKOKT5AvDDII=",
      "requires": {
        "domelementtype": "1.1.3",
        "entities": "1.1.1"
      },
      "dependencies": {
        "domelementtype": {
          "version": "1.1.3",
          "resolved":
            "https://binrepo.target.com/artifactory/api/npm/npm/domelementtype/-/domelementtype-1.1.3.tgz",
          "integrity": "sha1-vSh3PiZCiBrsUVRJJCmcXNgiGFs="
        }
      }
    },
    "domelementtype": {
      "version": "1.3.0",
      "resolved":
        "https://binrepo.target.com/artifactory/api/npm/npm/domelementtype/-/domelementtype-1.3.0.tgz",
      "integrity": "sha1-sXrtguirWeUt2cGbF1bg/BhyBMI="
    },
    "domhandler": {
      "version": "2.4.1",
      "resolved":
        "https://binrepo.target.com/artifactory/api/npm/npm/domhandler/-/domhandler-2.4.1.tgz",
      "integrity": "sha1-iS5HAAqZvlW783dP/qBWHYh5wlk=",
      "requires": {
        "domelementtype": "1.3.0"
      }
    },
    "domutils": {
      "version": "1.5.1",
      "resolved":
        "https://binrepo.target.com/artifactory/api/npm/npm/domutils/-/domutils-1.5.1.tgz",
      "integrity": "sha1-3NhIiib1Y9YQeeSMn3t+Mjc2gs8=",
      "requires": {
        "dom-serializer": "0.1.0",
        "domelementtype": "1.3.0"
      }
    },
    "editorconfig": {
      "version": "0.13.3",
      "resolved":
        "https://binrepo.target.com/artifactory/api/npm/npm/editorconfig/-/editorconfig-0.13.3.tgz",
      "integrity": "sha1-5SGeWHlR1glY/ZTqmpoAjN7/GzQ=",
      "requires": {
        "bluebird": "3.5.1",
        "commander": "2.14.1",
        "lru-cache": "3.2.0",
        "semver": "5.5.0",
        "sigmund": "1.0.1"
      }
    },
    "encoding": {
      "version": "0.1.12",
      "resolved":
        "https://binrepo.target.com/artifactory/api/npm/npm/encoding/-/encoding-0.1.12.tgz",
      "integrity": "sha1-U4tm8+5izRq1HsMjgp0flIDHS+s=",
      "requires": {
        "iconv-lite": "0.4.19"
      }
    },
    "entities": {
      "version": "1.1.1",
      "resolved":
        "https://binrepo.target.com/artifactory/api/npm/npm/entities/-/entities-1.1.1.tgz",
      "integrity": "sha1-blwtClYhtdra7O+AuQ7ftc13cvA="
    },
    "escape-string-regexp": {
      "version": "1.0.5",
      "resolved":
        "https://binrepo.target.com/artifactory/api/npm/npm/escape-string-regexp/-/escape-string-regexp-1.0.5.tgz",
      "integrity": "sha1-G2HAViGQqN/2rjuyzwIAyhMLhtQ="
    },
    "esutils": {
      "version": "2.0.2",
      "resolved":
        "https://binrepo.target.com/artifactory/api/npm/npm/esutils/-/esutils-2.0.2.tgz",
      "integrity": "sha1-Cr9PHKpbyx96nYrMbepPqqBLrJs="
    },
    "fbjs": {
      "version": "0.8.16",
      "resolved":
        "https://binrepo.target.com/artifactory/api/npm/npm/fbjs/-/fbjs-0.8.16.tgz",
      "integrity": "sha1-XmdDL1UNxBtXK/VYR7ispk5TN9s=",
      "requires": {
        "core-js": "1.2.7",
        "isomorphic-fetch": "2.2.1",
        "loose-envify": "1.3.1",
        "object-assign": "4.1.1",
        "promise": "7.3.1",
        "setimmediate": "1.0.5",
        "ua-parser-js": "0.7.17"
      },
      "dependencies": {
        "core-js": {
          "version": "1.2.7",
          "resolved":
            "https://binrepo.target.com/artifactory/api/npm/npm/core-js/-/core-js-1.2.7.tgz",
          "integrity": "sha1-ZSKUwUZR2yj6k70tX/KYOk8IxjY="
        }
      }
    },
    "globals": {
      "version": "9.18.0",
      "resolved":
        "https://binrepo.target.com/artifactory/api/npm/npm/globals/-/globals-9.18.0.tgz",
      "integrity": "sha1-qjiWs+abSH8X4x7SFD1pqOMMLYo="
    },
    "has-ansi": {
      "version": "2.0.0",
      "resolved":
        "https://binrepo.target.com/artifactory/api/npm/npm/has-ansi/-/has-ansi-2.0.0.tgz",
      "integrity": "sha1-NPUEnOHs3ysGSa8+8k5F7TVBbZE=",
      "requires": {
        "ansi-regex": "2.1.1"
      }
    },
    "hogan": {
      "version": "1.0.2",
      "resolved":
        "https://binrepo.target.com/artifactory/api/npm/npm/hogan/-/hogan-1.0.2.tgz",
      "integrity": "sha1-2NXlf64Od4ez4B4UJW+dWIoj0fA=",
      "requires": {
        "hogan.js": "3.0.2"
      }
    },
    "hogan.js": {
      "version": "3.0.2",
      "resolved":
        "https://binrepo.target.com/artifactory/api/npm/npm/hogan.js/-/hogan.js-3.0.2.tgz",
      "integrity": "sha1-TNnhq9QpQUbnZ55B14mHMrAse/0=",
      "requires": {
        "mkdirp": "0.3.0",
        "nopt": "1.0.10"
      },
      "dependencies": {
        "mkdirp": {
          "version": "0.3.0",
          "resolved":
            "https://binrepo.target.com/artifactory/api/npm/npm/mkdirp/-/mkdirp-0.3.0.tgz",
          "integrity": "sha1-G79asbqCevI1dRQ0kEJkVfSB/h4="
        }
      }
    },
    "home-or-tmp": {
      "version": "2.0.0",
      "resolved":
        "https://binrepo.target.com/artifactory/api/npm/npm/home-or-tmp/-/home-or-tmp-2.0.0.tgz",
      "integrity": "sha1-42w/LSyufXRqhX440Y1fMqeILbg=",
      "requires": {
        "os-homedir": "1.0.2",
        "os-tmpdir": "1.0.2"
      }
    },
    "htmlparser2": {
      "version": "3.9.2",
      "resolved":
        "https://binrepo.target.com/artifactory/api/npm/npm/htmlparser2/-/htmlparser2-3.9.2.tgz",
      "integrity": "sha1-G9+HrMoPP55T+k/M6w9LTLsAszg=",
      "requires": {
        "domelementtype": "1.3.0",
        "domhandler": "2.4.1",
        "domutils": "1.5.1",
        "entities": "1.1.1",
        "inherits": "2.0.3",
        "readable-stream": "2.3.4"
      }
    },
    "iconv-lite": {
      "version": "0.4.19",
      "resolved":
        "https://binrepo.target.com/artifactory/api/npm/npm/iconv-lite/-/iconv-lite-0.4.19.tgz",
      "integrity": "sha1-90aPYBNfXl2tM5nAqBvpoWA6CCs="
    },
    "inherits": {
      "version": "2.0.3",
      "resolved":
        "https://binrepo.target.com/artifactory/api/npm/npm/inherits/-/inherits-2.0.3.tgz",
      "integrity": "sha1-Yzwsg+PaQqUC9SRmAiSA9CCCYd4="
    },
    "ini": {
      "version": "1.3.5",
      "resolved":
        "https://binrepo.target.com/artifactory/api/npm/npm/ini/-/ini-1.3.5.tgz",
      "integrity": "sha1-7uJfVtscnsYIXgwid4CD9Zar+Sc="
    },
    "invariant": {
      "version": "2.2.3",
      "resolved":
        "https://binrepo.target.com/artifactory/api/npm/npm/invariant/-/invariant-2.2.3.tgz",
      "integrity": "sha1-GoJ9/efcvXwyPwyoJr6Pp8Xp1og=",
      "requires": {
        "loose-envify": "1.3.1"
      }
    },
    "is-finite": {
      "version": "1.0.2",
      "resolved":
        "https://binrepo.target.com/artifactory/api/npm/npm/is-finite/-/is-finite-1.0.2.tgz",
      "integrity": "sha1-zGZ3aVYCvlUO8R6LSqYwU0K20Ko=",
      "requires": {
        "number-is-nan": "1.0.1"
      }
    },
    "is-stream": {
      "version": "1.1.0",
      "resolved":
        "https://binrepo.target.com/artifactory/api/npm/npm/is-stream/-/is-stream-1.1.0.tgz",
      "integrity": "sha1-EtSj3U5o4Lec6428hBc66A2RykQ="
    },
    "isarray": {
      "version": "1.0.0",
      "resolved":
        "https://binrepo.target.com/artifactory/api/npm/npm/isarray/-/isarray-1.0.0.tgz",
      "integrity": "sha1-u5NdSFgsuhaMBoNJV6VKPgcSTxE="
    },
    "isomorphic-fetch": {
      "version": "2.2.1",
      "resolved":
        "https://binrepo.target.com/artifactory/api/npm/npm/isomorphic-fetch/-/isomorphic-fetch-2.2.1.tgz",
      "integrity": "sha1-YRrhrPFPXoH3KVB0coGf6XM1WKk=",
      "requires": {
        "node-fetch": "1.7.3",
        "whatwg-fetch": "2.0.3"
      }
    },
    "js-beautify": {
      "version": "1.7.5",
      "resolved":
        "https://binrepo.target.com/artifactory/api/npm/npm/js-beautify/-/js-beautify-1.7.5.tgz",
      "integrity": "sha1-adllHvYNu2SfZVJ7U2dJUBOKeRk=",
      "requires": {
        "config-chain": "1.1.11",
        "editorconfig": "0.13.3",
        "mkdirp": "0.5.1",
        "nopt": "3.0.6"
      },
      "dependencies": {
        "nopt": {
          "version": "3.0.6",
          "resolved":
            "https://binrepo.target.com/artifactory/api/npm/npm/nopt/-/nopt-3.0.6.tgz",
          "integrity": "sha1-xkZdvwirzU2zWTF/eaxopkayj/k=",
          "requires": {
            "abbrev": "1.1.1"
          }
        }
      }
    },
    "js-tokens": {
      "version": "3.0.2",
      "resolved":
        "https://binrepo.target.com/artifactory/api/npm/npm/js-tokens/-/js-tokens-3.0.2.tgz",
      "integrity": "sha1-mGbfOVECEw449/mWvOtlRDIJwls="
    },
    "jsesc": {
      "version": "1.3.0",
      "resolved":
        "https://binrepo.target.com/artifactory/api/npm/npm/jsesc/-/jsesc-1.3.0.tgz",
      "integrity": "sha1-RsP+yMGJKxKwgz25vHYiF226s0s="
    },
    "json5": {
      "version": "0.5.1",
      "resolved":
        "https://binrepo.target.com/artifactory/api/npm/npm/json5/-/json5-0.5.1.tgz",
      "integrity": "sha1-Hq3nrMASA0rYTiOWdn6tn6VJWCE="
    },
    "lodash": {
      "version": "4.17.5",
      "resolved":
        "https://binrepo.target.com/artifactory/api/npm/npm/lodash/-/lodash-4.17.5.tgz",
      "integrity": "sha1-maktZcAnLevoyWtgV7yPv6O+1RE="
    },
    "lodash.assignin": {
      "version": "4.2.0",
      "resolved":
        "https://binrepo.target.com/artifactory/api/npm/npm/lodash.assignin/-/lodash.assignin-4.2.0.tgz",
      "integrity": "sha1-uo31+4QesKPoBEIysOJjqNxqKKI="
    },
    "lodash.bind": {
      "version": "4.2.1",
      "resolved":
        "https://binrepo.target.com/artifactory/api/npm/npm/lodash.bind/-/lodash.bind-4.2.1.tgz",
      "integrity": "sha1-euMBfpOWIqwxt9fX3LGzTbFpDTU="
    },
    "lodash.defaults": {
      "version": "4.2.0",
      "resolved":
        "https://binrepo.target.com/artifactory/api/npm/npm/lodash.defaults/-/lodash.defaults-4.2.0.tgz",
      "integrity": "sha1-0JF4cW/+pN3p5ft7N/bwgCJ0WAw="
    },
    "lodash.filter": {
      "version": "4.6.0",
      "resolved":
        "https://binrepo.target.com/artifactory/api/npm/npm/lodash.filter/-/lodash.filter-4.6.0.tgz",
      "integrity": "sha1-ZosdSYFgOuHMWm+nYBQ+SAtMSs4="
    },
    "lodash.flatten": {
      "version": "4.4.0",
      "resolved":
        "https://binrepo.target.com/artifactory/api/npm/npm/lodash.flatten/-/lodash.flatten-4.4.0.tgz",
      "integrity": "sha1-8xwiIlqWMtK7+OSt2+8kCqdlph8="
    },
    "lodash.foreach": {
      "version": "4.5.0",
      "resolved":
        "https://binrepo.target.com/artifactory/api/npm/npm/lodash.foreach/-/lodash.foreach-4.5.0.tgz",
      "integrity": "sha1-Gmo16s5AEoDH8G3d7DUWWrJ+PlM="
    },
    "lodash.map": {
      "version": "4.6.0",
      "resolved":
        "https://binrepo.target.com/artifactory/api/npm/npm/lodash.map/-/lodash.map-4.6.0.tgz",
      "integrity": "sha1-dx7Hg540c9nEzeKLGTlMNWL09tM="
    },
    "lodash.merge": {
      "version": "4.6.1",
      "resolved":
        "https://binrepo.target.com/artifactory/api/npm/npm/lodash.merge/-/lodash.merge-4.6.1.tgz",
      "integrity": "sha1-rcJdnLmbk5HFliTzefu6YNcRHVQ="
    },
    "lodash.pick": {
      "version": "4.4.0",
      "resolved":
        "https://binrepo.target.com/artifactory/api/npm/npm/lodash.pick/-/lodash.pick-4.4.0.tgz",
      "integrity": "sha1-UvBWEP/53tQiYRRB7R/BI6AwAbM="
    },
    "lodash.reduce": {
      "version": "4.6.0",
      "resolved":
        "https://binrepo.target.com/artifactory/api/npm/npm/lodash.reduce/-/lodash.reduce-4.6.0.tgz",
      "integrity": "sha1-8atrg5KZrUj3hKu/R2WW8DuRTTs="
    },
    "lodash.reject": {
      "version": "4.6.0",
      "resolved":
        "https://binrepo.target.com/artifactory/api/npm/npm/lodash.reject/-/lodash.reject-4.6.0.tgz",
      "integrity": "sha1-gNZJLcFHCGS79YNTO2UfQqn1JBU="
    },
    "lodash.some": {
      "version": "4.6.0",
      "resolved":
        "https://binrepo.target.com/artifactory/api/npm/npm/lodash.some/-/lodash.some-4.6.0.tgz",
      "integrity": "sha1-G7nzFO9ri63tE7VJFpsqlF62jk0="
    },
    "loose-envify": {
      "version": "1.3.1",
      "resolved":
        "https://binrepo.target.com/artifactory/api/npm/npm/loose-envify/-/loose-envify-1.3.1.tgz",
      "integrity": "sha1-0aitM/qc4OcT1l/dCsi3SNR4yEg=",
      "requires": {
        "js-tokens": "3.0.2"
      }
    },
    "lru-cache": {
      "version": "3.2.0",
      "resolved":
        "https://binrepo.target.com/artifactory/api/npm/npm/lru-cache/-/lru-cache-3.2.0.tgz",
      "integrity": "sha1-cXibO39Tmb7IVl3aOKow0qCX7+4=",
      "requires": {
        "pseudomap": "1.0.2"
      }
    },
    "minimatch": {
      "version": "3.0.4",
      "resolved":
        "https://binrepo.target.com/artifactory/api/npm/npm/minimatch/-/minimatch-3.0.4.tgz",
      "integrity": "sha1-UWbihkV/AzBgZL5Ul+jbsMPTIIM=",
      "requires": {
        "brace-expansion": "1.1.11"
      }
    },
    "minimist": {
      "version": "0.0.8",
      "resolved":
        "https://binrepo.target.com/artifactory/api/npm/npm/minimist/-/minimist-0.0.8.tgz",
      "integrity": "sha1-hX/Kv8M5fSYluCKCYuhqp6ARsF0="
    },
    "mkdirp": {
      "version": "0.5.1",
      "resolved":
        "https://binrepo.target.com/artifactory/api/npm/npm/mkdirp/-/mkdirp-0.5.1.tgz",
      "integrity": "sha1-MAV0OOrGz3+MR2fzhkjWaX11yQM=",
      "requires": {
        "minimist": "0.0.8"
      }
    },
    "ms": {
      "version": "2.0.0",
      "resolved":
        "https://binrepo.target.com/artifactory/api/npm/npm/ms/-/ms-2.0.0.tgz",
      "integrity": "sha1-VgiurfwAvmwpAd9fmGF4jeDVl8g="
    },
    "node-fetch": {
      "version": "1.7.3",
      "resolved":
        "https://binrepo.target.com/artifactory/api/npm/npm/node-fetch/-/node-fetch-1.7.3.tgz",
      "integrity": "sha1-mA9vcthSEaU0fGsrwYxbhMPrR+8=",
      "requires": {
        "encoding": "0.1.12",
        "is-stream": "1.1.0"
      }
    },
    "nopt": {
      "version": "1.0.10",
      "resolved":
        "https://binrepo.target.com/artifactory/api/npm/npm/nopt/-/nopt-1.0.10.tgz",
      "integrity": "sha1-bd0hvSoxQXuScn3Vhfim83YI6+4=",
      "requires": {
        "abbrev": "1.1.1"
      }
    },
    "nth-check": {
      "version": "1.0.1",
      "resolved":
        "https://binrepo.target.com/artifactory/api/npm/npm/nth-check/-/nth-check-1.0.1.tgz",
      "integrity": "sha1-mSms32KPwsQQmN6rgqxYDPFJquQ=",
      "requires": {
        "boolbase": "1.0.0"
      }
    },
    "number-is-nan": {
      "version": "1.0.1",
      "resolved":
        "https://binrepo.target.com/artifactory/api/npm/npm/number-is-nan/-/number-is-nan-1.0.1.tgz",
      "integrity": "sha1-CXtgK1NCKlIsGvuHkDGDNpQaAR0="
    },
    "object-assign": {
      "version": "4.1.1",
      "resolved":
        "https://binrepo.target.com/artifactory/api/npm/npm/object-assign/-/object-assign-4.1.1.tgz",
      "integrity": "sha1-IQmtx5ZYh8/AXLvUQsrIv7s2CGM="
    },
    "os-homedir": {
      "version": "1.0.2",
      "resolved":
        "https://binrepo.target.com/artifactory/api/npm/npm/os-homedir/-/os-homedir-1.0.2.tgz",
      "integrity": "sha1-/7xJiDNuDoM94MFox+8VISGqf7M="
    },
    "os-tmpdir": {
      "version": "1.0.2",
      "resolved":
        "https://binrepo.target.com/artifactory/api/npm/npm/os-tmpdir/-/os-tmpdir-1.0.2.tgz",
      "integrity": "sha1-u+Z0BseaqFxc/sdm/lc0VV36EnQ="
    },
    "path-is-absolute": {
      "version": "1.0.1",
      "resolved":
        "https://binrepo.target.com/artifactory/api/npm/npm/path-is-absolute/-/path-is-absolute-1.0.1.tgz",
      "integrity": "sha1-F0uSaHNVNP+8es5r9TpanhtcX18="
    },
    "private": {
      "version": "0.1.8",
      "resolved":
        "https://binrepo.target.com/artifactory/api/npm/npm/private/-/private-0.1.8.tgz",
      "integrity": "sha1-I4Hts2ifelPWUxkAYPz4ItLzaP8="
    },
    "process-nextick-args": {
      "version": "2.0.0",
      "resolved":
        "https://binrepo.target.com/artifactory/api/npm/npm/process-nextick-args/-/process-nextick-args-2.0.0.tgz",
      "integrity": "sha1-o31zL0JxtKsa0HDTVQjoKQeI/6o="
    },
    "promise": {
      "version": "7.3.1",
      "resolved":
        "https://binrepo.target.com/artifactory/api/npm/npm/promise/-/promise-7.3.1.tgz",
      "integrity": "sha1-BktyYCsY+Q8pGSuLG8QY/9Hr078=",
      "requires": {
        "asap": "2.0.6"
      }
    },
    "prop-types": {
      "version": "15.6.0",
      "resolved":
        "https://binrepo.target.com/artifactory/api/npm/npm/prop-types/-/prop-types-15.6.0.tgz",
      "integrity": "sha1-zq8IMCL8RrSjX2nhPvda7Q1jmFY=",
      "requires": {
        "fbjs": "0.8.16",
        "loose-envify": "1.3.1",
        "object-assign": "4.1.1"
      }
    },
    "proto-list": {
      "version": "1.2.4",
      "resolved":
        "https://binrepo.target.com/artifactory/api/npm/npm/proto-list/-/proto-list-1.2.4.tgz",
      "integrity": "sha1-IS1b/hMYMGpCD2QCuOJv85ZHqEk="
    },
    "pseudomap": {
      "version": "1.0.2",
      "resolved":
        "https://binrepo.target.com/artifactory/api/npm/npm/pseudomap/-/pseudomap-1.0.2.tgz",
      "integrity": "sha1-8FKijacOYYkX7wqKw0wa5aaChrM="
    },
    "react": {
      "version": "15.6.2",
      "resolved":
        "https://binrepo.target.com/artifactory/api/npm/npm/react/-/react-15.6.2.tgz",
      "integrity": "sha1-26BDSrQ5z+gvEI8PURZjkIF5qnI=",
      "requires": {
        "create-react-class": "15.6.3",
        "fbjs": "0.8.16",
        "loose-envify": "1.3.1",
        "object-assign": "4.1.1",
        "prop-types": "15.6.0"
      }
    },
    "react-dom": {
      "version": "15.6.2",
      "resolved":
        "https://binrepo.target.com/artifactory/api/npm/npm/react-dom/-/react-dom-15.6.2.tgz",
      "integrity": "sha1-Qc+t9pO3V/rycIRDodH9WgK+9zA=",
      "requires": {
        "fbjs": "0.8.16",
        "loose-envify": "1.3.1",
        "object-assign": "4.1.1",
        "prop-types": "15.6.0"
      }
    },
    "readable-stream": {
      "version": "2.3.4",
      "resolved":
        "https://binrepo.target.com/artifactory/api/npm/npm/readable-stream/-/readable-stream-2.3.4.tgz",
      "integrity": "sha1-yUbD9H+n2Oq8C2FQ9KEvaaRXQHE=",
      "requires": {
        "core-util-is": "1.0.2",
        "inherits": "2.0.3",
        "isarray": "1.0.0",
        "process-nextick-args": "2.0.0",
        "safe-buffer": "5.1.1",
        "string_decoder": "1.0.3",
        "util-deprecate": "1.0.2"
      }
    },
    "regenerator-runtime": {
      "version": "0.11.1",
      "resolved":
        "https://binrepo.target.com/artifactory/api/npm/npm/regenerator-runtime/-/regenerator-runtime-0.11.1.tgz",
      "integrity": "sha1-vgWtf5v30i4Fb5cmzuUBf78Z4uk="
    },
    "repeating": {
      "version": "2.0.1",
      "resolved":
        "https://binrepo.target.com/artifactory/api/npm/npm/repeating/-/repeating-2.0.1.tgz",
      "integrity": "sha1-UhTFOpJtNVJwdSf7q0FdvAjQbdo=",
      "requires": {
        "is-finite": "1.0.2"
      }
    },
    "safe-buffer": {
      "version": "5.1.1",
      "resolved":
        "https://binrepo.target.com/artifactory/api/npm/npm/safe-buffer/-/safe-buffer-5.1.1.tgz",
      "integrity": "sha1-iTMSr2myEj3vcfV4iQAWce6yyFM="
    },
    "semver": {
      "version": "5.5.0",
      "resolved":
        "https://binrepo.target.com/artifactory/api/npm/npm/semver/-/semver-5.5.0.tgz",
      "integrity": "sha1-3Eu8emyp2Rbe5dQ1FvAJK1j3uKs="
    },
    "setimmediate": {
      "version": "1.0.5",
      "resolved":
        "https://binrepo.target.com/artifactory/api/npm/npm/setimmediate/-/setimmediate-1.0.5.tgz",
      "integrity": "sha1-KQy7Iy4waULX1+qbg3Mqt4VvgoU="
    },
    "sigmund": {
      "version": "1.0.1",
      "resolved":
        "https://binrepo.target.com/artifactory/api/npm/npm/sigmund/-/sigmund-1.0.1.tgz",
      "integrity": "sha1-P/IfGYytIXX587eBhT/ZTQ0ZtZA="
    },
    "slash": {
      "version": "1.0.0",
      "resolved":
        "https://binrepo.target.com/artifactory/api/npm/npm/slash/-/slash-1.0.0.tgz",
      "integrity": "sha1-xB8vbDn8FtHNF61LXYlhFK5HDVU="
    },
    "source-map": {
      "version": "0.5.7",
      "resolved":
        "https://binrepo.target.com/artifactory/api/npm/npm/source-map/-/source-map-0.5.7.tgz",
      "integrity": "sha1-igOdLRAh0i0eoUyA2OpGi6LvP8w="
    },
    "source-map-support": {
      "version": "0.4.18",
      "resolved":
        "https://binrepo.target.com/artifactory/api/npm/npm/source-map-support/-/source-map-support-0.4.18.tgz",
      "integrity": "sha1-Aoam3ovkJkEzhZTpfM6nXwosWF8=",
      "requires": {
        "source-map": "0.5.7"
      }
    },
    "string_decoder": {
      "version": "1.0.3",
      "resolved":
        "https://binrepo.target.com/artifactory/api/npm/npm/string_decoder/-/string_decoder-1.0.3.tgz",
      "integrity": "sha1-D8Z9fBQYJd6UKC3VNr7GubzoYKs=",
      "requires": {
        "safe-buffer": "5.1.1"
      }
    },
    "strip-ansi": {
      "version": "3.0.1",
      "resolved":
        "https://binrepo.target.com/artifactory/api/npm/npm/strip-ansi/-/strip-ansi-3.0.1.tgz",
      "integrity": "sha1-ajhfuIU9lS1f8F0Oiq+UJ43GPc8=",
      "requires": {
        "ansi-regex": "2.1.1"
      }
    },
    "supports-color": {
      "version": "2.0.0",
      "resolved":
        "https://binrepo.target.com/artifactory/api/npm/npm/supports-color/-/supports-color-2.0.0.tgz",
      "integrity": "sha1-U10EXOa2Nj+kARcIRimZXp3zJMc="
    },
    "to-fast-properties": {
      "version": "1.0.3",
      "resolved":
        "https://binrepo.target.com/artifactory/api/npm/npm/to-fast-properties/-/to-fast-properties-1.0.3.tgz",
      "integrity": "sha1-uDVx+k2MJbguIxsG46MFXeTKGkc="
    },
    "trim-right": {
      "version": "1.0.1",
      "resolved":
        "https://binrepo.target.com/artifactory/api/npm/npm/trim-right/-/trim-right-1.0.1.tgz",
      "integrity": "sha1-yy4SAwZ+DI3h9hQJS5/kVwTqYAM="
    },
    "ua-parser-js": {
      "version": "0.7.17",
      "resolved":
        "https://binrepo.target.com/artifactory/api/npm/npm/ua-parser-js/-/ua-parser-js-0.7.17.tgz",
      "integrity": "sha1-6exflJi57JEOeuOsYmqAXE0J7Kw="
    },
    "util-deprecate": {
      "version": "1.0.2",
      "resolved":
        "https://binrepo.target.com/artifactory/api/npm/npm/util-deprecate/-/util-deprecate-1.0.2.tgz",
      "integrity": "sha1-RQ1Nyfpw3nMnYvvS1KKJgUGaDM8="
    },
    "whatwg-fetch": {
      "version": "2.0.3",
      "resolved":
        "https://binrepo.target.com/artifactory/api/npm/npm/whatwg-fetch/-/whatwg-fetch-2.0.3.tgz",
      "integrity": "sha1-nITsLc9oGH/wC8ZOEnS0QhduHIQ="
    }
  }
}
